
Microsoft Visual Studio Solution File, Format Version 12.00
# Visual Studio 15
VisualStudioVersion = 15.0.28307.1000
MinimumVisualStudioVersion = 10.0.40219.1
Project("{9A19103F-16F7-4668-BE54-9A1E7A4F7556}") = "SandboxWebApp", "SandboxWebApp\SandboxWebApp.csproj", "{101D6239-8D9F-4BFD-94B5-8B788973ECE7}"
EndProject
Project("{FAE04EC0-301F-11D3-BF4B-00C04F79EFBC}") = "SandboxApi", "SandboxApi\SandboxApi.csproj", "{835F6677-F678-4898-B168-A478A1C6CF2A}"
EndProject
Global
	GlobalSection(SolutionConfigurationPlatforms) = preSolution
		Debug|Any CPU = Debug|Any CPU
		Release|Any CPU = Release|Any CPU
	EndGlobalSection
	GlobalSection(ProjectConfigurationPlatforms) = postSolution
		{101D6239-8D9F-4BFD-94B5-8B788973ECE7}.Debug|Any CPU.ActiveCfg = Debug|Any CPU
		{101D6239-8D9F-4BFD-94B5-8B788973ECE7}.Debug|Any CPU.Build.0 = Debug|Any CPU
		{101D6239-8D9F-4BFD-94B5-8B788973ECE7}.Release|Any CPU.ActiveCfg = Release|Any CPU
		{101D6239-8D9F-4BFD-94B5-8B788973ECE7}.Release|Any CPU.Build.0 = Release|Any CPU
		{835F6677-F678-4898-B168-A478A1C6CF2A}.Debug|Any CPU.ActiveCfg = Debug|Any CPU
		{835F6677-F678-4898-B168-A478A1C6CF2A}.Debug|Any CPU.Build.0 = Debug|Any CPU
		{835F6677-F678-4898-B168-A478A1C6CF2A}.Release|Any CPU.ActiveCfg = Release|Any CPU
		{835F6677-F678-4898-B168-A478A1C6CF2A}.Release|Any CPU.Build.0 = Release|Any CPU
	EndGlobalSection
	GlobalSection(SolutionProperties) = preSolution
		HideSolutionNode = FALSE
	EndGlobalSection
	GlobalSection(ExtensibilityGlobals) = postSolution
		SolutionGuid = {6A3BA23F-3DBA-41DB-93CA-A672FA88BC58}
	EndGlobalSection
EndGlobal
